
Microsoft Visual Studio Solution File, Format Version 12.00
# Visual Studio 15
VisualStudioVersion = 15.0.28307.1525
MinimumVisualStudioVersion = 10.0.40219.1
Project("{2150E333-8FDC-42A3-9474-1A3956D46DE8}") = "Docs", "Docs", "{B43F9744-BF8F-4BE8-B133-087134F2BCD4}"
EndProject
Project("{2150E333-8FDC-42A3-9474-1A3956D46DE8}") = "Readme", "Readme", "{2ED8A240-0321-4B7B-975A-26A1E2806888}"
EndProject
Project("{2150E333-8FDC-42A3-9474-1A3956D46DE8}") = "en_UK", "en_UK", "{4ADEFF73-A0AA-4512-8B60-C3FCB103B442}"
	ProjectSection(SolutionItems) = preProject
		Docs\en_UK\README.md = Docs\en_UK\README.md
	EndProjectSection
EndProject
Project("{2150E333-8FDC-42A3-9474-1A3956D46DE8}") = "zh_CN", "zh_CN", "{7CD083C1-0D63-4CBC-8FF0-1C86FB71231F}"
	ProjectSection(SolutionItems) = preProject
		Docs\zh_CN\README.md = Docs\zh_CN\README.md
	EndProjectSection
EndProject
Project("{2150E333-8FDC-42A3-9474-1A3956D46DE8}") = "Solution Items", "Solution Items", "{FC43B11B-3067-4A48-8B14-CFEB8B6261C4}"
	ProjectSection(SolutionItems) = preProject
		.editorconfig = .editorconfig
		.gitignore = .gitignore
		LICENSE = LICENSE
		README.md = README.md
	EndProjectSection
EndProject
Project("{2150E333-8FDC-42A3-9474-1A3956D46DE8}") = "Code", "Code", "{F1EB54D0-1936-4215-A186-9BA6C1A1BBB1}"
	ProjectSection(SolutionItems) = preProject
		Code\unigal.sublime-syntax = Code\unigal.sublime-syntax
		Code\XMLFILE.xml = Code\XMLFILE.xml
	EndProjectSection
EndProject
Project("{2150E333-8FDC-42A3-9474-1A3956D46DE8}") = "en_UK", "en_UK", "{A31B00CA-C65D-4F59-9F9E-0A3EECC7342D}"
	ProjectSection(SolutionItems) = preProject
		Readme\en_UK\README.md = Readme\en_UK\README.md
	EndProjectSection
EndProject
Project("{2150E333-8FDC-42A3-9474-1A3956D46DE8}") = "zh_CN", "zh_CN", "{E86C4C31-E517-433B-8113-E0B9A7E7A3AC}"
	ProjectSection(SolutionItems) = preProject
		Readme\zh_CN\README.md = Readme\zh_CN\README.md
		Readme\zh_CN\UniGal-code_of_conduct.md = Readme\zh_CN\UniGal-code_of_conduct.md
		Readme\zh_CN\UniGal-supportlist.md = Readme\zh_CN\UniGal-supportlist.md
	EndProjectSection
EndProject
Project("{2150E333-8FDC-42A3-9474-1A3956D46DE8}") = "Manual", "Manual", "{892E7738-1C5A-42CC-96AE-4706A09A6F5D}"
	ProjectSection(SolutionItems) = preProject
		Manual\README.md = Manual\README.md
	EndProjectSection
EndProject
Project("{2150E333-8FDC-42A3-9474-1A3956D46DE8}") = "en_UK", "en_UK", "{693CF638-734C-4421-9048-B8640B23596A}"
EndProject
Project("{2150E333-8FDC-42A3-9474-1A3956D46DE8}") = "zh_CN", "zh_CN", "{14108DEC-437C-4A0F-8965-E82BEC06891E}"
	ProjectSection(SolutionItems) = preProject
		Manual\zh_CN\README.md = Manual\zh_CN\README.md
		Manual\zh_CN\UniGal-code-resource-AVGPlus.md = Manual\zh_CN\UniGal-code-resource-AVGPlus.md
		Manual\zh_CN\UniGal-code-resource-BKEngine.md = Manual\zh_CN\UniGal-code-resource-BKEngine.md
		Manual\zh_CN\UniGal-code-resource-Librian.md = Manual\zh_CN\UniGal-code-resource-Librian.md
		Manual\zh_CN\UniGal-code-resource-Nova.md = Manual\zh_CN\UniGal-code-resource-Nova.md
		Manual\zh_CN\UniGal-text-BKEngine.md = Manual\zh_CN\UniGal-text-BKEngine.md
		Manual\zh_CN\UniGal-text-Librian.md = Manual\zh_CN\UniGal-text-Librian.md
		Manual\zh_CN\UniGal-text-Nova.md = Manual\zh_CN\UniGal-text-Nova.md
	EndProjectSection
EndProject
Project("{2150E333-8FDC-42A3-9474-1A3956D46DE8}") = "Experimental", "Experimental", "{04AD316E-B016-4CB4-909D-66BDCD045583}"
	ProjectSection(SolutionItems) = preProject
		Experimental\Textv2\exp-textv2.md = Experimental\Textv2\exp-textv2.md
		Experimental\Textv2\text-sample.svg = Experimental\Textv2\text-sample.svg
		Experimental\Textv2\text-sample.unigal = Experimental\Textv2\text-sample.unigal
		Experimental\Textv2\要更改的文件列表.md = Experimental\Textv2\要更改的文件列表.md
	EndProjectSection
EndProject
Project("{2150E333-8FDC-42A3-9474-1A3956D46DE8}") = "StandardSide", "StandardSide", "{A9C70DE1-CA98-4509-BA3D-1AEACCEEC243}"
	ProjectSection(SolutionItems) = preProject
		Docs\zh_CN\StandardSide\UniGal-enforcement_proposal.md = Docs\zh_CN\StandardSide\UniGal-enforcement_proposal.md
		Docs\zh_CN\StandardSide\UniGal-environment.md = Docs\zh_CN\StandardSide\UniGal-environment.md
		Docs\zh_CN\StandardSide\UniGal-filesystem.md = Docs\zh_CN\StandardSide\UniGal-filesystem.md
		Docs\zh_CN\StandardSide\UniGal-keyword.md = Docs\zh_CN\StandardSide\UniGal-keyword.md
		Docs\zh_CN\StandardSide\UniGal-reference.md = Docs\zh_CN\StandardSide\UniGal-reference.md
	EndProjectSection
EndProject
Project("{2150E333-8FDC-42A3-9474-1A3956D46DE8}") = "EngineSide", "EngineSide", "{5F990818-EEE5-48C0-AD22-80DEAE09DBD5}"
	ProjectSection(SolutionItems) = preProject
		Docs\zh_CN\EngineSide\UniGal-code-action.md = Docs\zh_CN\EngineSide\UniGal-code-action.md
		Docs\zh_CN\EngineSide\UniGal-code-animation.md = Docs\zh_CN\EngineSide\UniGal-code-animation.md
		Docs\zh_CN\EngineSide\UniGal-code-codeblock.md = Docs\zh_CN\EngineSide\UniGal-code-codeblock.md
		Docs\zh_CN\EngineSide\UniGal-code-logic.md = Docs\zh_CN\EngineSide\UniGal-code-logic.md
		Docs\zh_CN\EngineSide\UniGal-code-resource.md = Docs\zh_CN\EngineSide\UniGal-code-resource.md
		Docs\zh_CN\EngineSide\UniGal-code-struct.md = Docs\zh_CN\EngineSide\UniGal-code-struct.md
		Docs\zh_CN\EngineSide\UniGal-dangerzone.md = Docs\zh_CN\EngineSide\UniGal-dangerzone.md
		Docs\zh_CN\EngineSide\UniGal-extension.md = Docs\zh_CN\EngineSide\UniGal-extension.md
		Docs\zh_CN\EngineSide\UniGal-layer.md = Docs\zh_CN\EngineSide\UniGal-layer.md
		Docs\zh_CN\EngineSide\UniGal-main.md = Docs\zh_CN\EngineSide\UniGal-main.md
		Docs\zh_CN\EngineSide\UniGal-text.md = Docs\zh_CN\EngineSide\UniGal-text.md
	EndProjectSection
EndProject
Global
	GlobalSection(SolutionProperties) = preSolution
		HideSolutionNode = FALSE
	EndGlobalSection
	GlobalSection(NestedProjects) = preSolution
		{4ADEFF73-A0AA-4512-8B60-C3FCB103B442} = {B43F9744-BF8F-4BE8-B133-087134F2BCD4}
		{7CD083C1-0D63-4CBC-8FF0-1C86FB71231F} = {B43F9744-BF8F-4BE8-B133-087134F2BCD4}
		{A31B00CA-C65D-4F59-9F9E-0A3EECC7342D} = {2ED8A240-0321-4B7B-975A-26A1E2806888}
		{E86C4C31-E517-433B-8113-E0B9A7E7A3AC} = {2ED8A240-0321-4B7B-975A-26A1E2806888}
		{693CF638-734C-4421-9048-B8640B23596A} = {892E7738-1C5A-42CC-96AE-4706A09A6F5D}
		{14108DEC-437C-4A0F-8965-E82BEC06891E} = {892E7738-1C5A-42CC-96AE-4706A09A6F5D}
		{A9C70DE1-CA98-4509-BA3D-1AEACCEEC243} = {7CD083C1-0D63-4CBC-8FF0-1C86FB71231F}
		{5F990818-EEE5-48C0-AD22-80DEAE09DBD5} = {7CD083C1-0D63-4CBC-8FF0-1C86FB71231F}
	EndGlobalSection
	GlobalSection(ExtensibilityGlobals) = postSolution
		SolutionGuid = {A3FF480D-C7C6-4724-9CD5-BE787D9B34E0}
	EndGlobalSection
EndGlobal
