
Microsoft Visual Studio Solution File, Format Version 12.00
# Visual Studio 15
VisualStudioVersion = 15.0.28307.1259
MinimumVisualStudioVersion = 10.0.40219.1
Project("{2150E333-8FDC-42A3-9474-1A3956D46DE8}") = "Docs", "Docs", "{B43F9744-BF8F-4BE8-B133-087134F2BCD4}"
EndProject
Project("{2150E333-8FDC-42A3-9474-1A3956D46DE8}") = "Readme", "Readme", "{2ED8A240-0321-4B7B-975A-26A1E2806888}"
	ProjectSection(SolutionItems) = preProject
		Readme\en_UK.md = Readme\en_UK.md
		Readme\zh_CN.md = Readme\zh_CN.md
	EndProjectSection
EndProject
Project("{2150E333-8FDC-42A3-9474-1A3956D46DE8}") = "en_UK", "en_UK", "{4ADEFF73-A0AA-4512-8B60-C3FCB103B442}"
	ProjectSection(SolutionItems) = preProject
		Docs\en_UK\README.md = Docs\en_UK\README.md
	EndProjectSection
EndProject
Project("{2150E333-8FDC-42A3-9474-1A3956D46DE8}") = "zh_CN", "zh_CN", "{7CD083C1-0D63-4CBC-8FF0-1C86FB71231F}"
	ProjectSection(SolutionItems) = preProject
		Docs\zh_CN\UniGal-basic.md = Docs\zh_CN\UniGal-basic.md
		Docs\zh_CN\UniGal-code.md = Docs\zh_CN\UniGal-code.md
		Docs\zh_CN\UniGal-Developer.md = Docs\zh_CN\UniGal-Developer.md
		Docs\zh_CN\UniGal-main.md = Docs\zh_CN\UniGal-main.md
		Docs\zh_CN\UniGal-text.md = Docs\zh_CN\UniGal-text.md
	EndProjectSection
EndProject
Project("{2150E333-8FDC-42A3-9474-1A3956D46DE8}") = "Solution Items", "Solution Items", "{FC43B11B-3067-4A48-8B14-CFEB8B6261C4}"
	ProjectSection(SolutionItems) = preProject
		README.md = README.md
	EndProjectSection
EndProject
Project("{2150E333-8FDC-42A3-9474-1A3956D46DE8}") = "Code", "Code", "{FADE2D46-D1B5-48A9-9DBE-A40DDF3412C6}"
	ProjectSection(SolutionItems) = preProject
		XMLFILE.xml = XMLFILE.xml
	EndProjectSection
EndProject
Global
	GlobalSection(SolutionProperties) = preSolution
		HideSolutionNode = FALSE
	EndGlobalSection
	GlobalSection(NestedProjects) = preSolution
		{4ADEFF73-A0AA-4512-8B60-C3FCB103B442} = {B43F9744-BF8F-4BE8-B133-087134F2BCD4}
		{7CD083C1-0D63-4CBC-8FF0-1C86FB71231F} = {B43F9744-BF8F-4BE8-B133-087134F2BCD4}
	EndGlobalSection
	GlobalSection(ExtensibilityGlobals) = postSolution
		SolutionGuid = {A3FF480D-C7C6-4724-9CD5-BE787D9B34E0}
	EndGlobalSection
EndGlobal
